
Microsoft Visual Studio Solution File, Format Version 12.00
# Visual Studio 15
VisualStudioVersion = 15.0.26403.7
MinimumVisualStudioVersion = 10.0.40219.1
Project("{FAE04EC0-301F-11D3-BF4B-00C04F79EFBC}") = "RxJsNumbers", "RxJsNumbers\RxJsNumbers.csproj", "{1948B387-E2F2-4DFE-A296-452104DF01DE}"
EndProject
Project("{FAE04EC0-301F-11D3-BF4B-00C04F79EFBC}") = "RxjsNumbers.Test", "RxjsNumbers.Test\RxjsNumbers.Test.csproj", "{8C1609C8-A122-4151-A0EE-DD1FF2BC90E0}"
EndProject
Global
	GlobalSection(SolutionConfigurationPlatforms) = preSolution
		Debug|Any CPU = Debug|Any CPU
		Release|Any CPU = Release|Any CPU
	EndGlobalSection
	GlobalSection(ProjectConfigurationPlatforms) = postSolution
		{1948B387-E2F2-4DFE-A296-452104DF01DE}.Debug|Any CPU.ActiveCfg = Debug|Any CPU
		{1948B387-E2F2-4DFE-A296-452104DF01DE}.Debug|Any CPU.Build.0 = Debug|Any CPU
		{1948B387-E2F2-4DFE-A296-452104DF01DE}.Release|Any CPU.ActiveCfg = Release|Any CPU
		{1948B387-E2F2-4DFE-A296-452104DF01DE}.Release|Any CPU.Build.0 = Release|Any CPU
		{8C1609C8-A122-4151-A0EE-DD1FF2BC90E0}.Debug|Any CPU.ActiveCfg = Debug|Any CPU
		{8C1609C8-A122-4151-A0EE-DD1FF2BC90E0}.Debug|Any CPU.Build.0 = Debug|Any CPU
		{8C1609C8-A122-4151-A0EE-DD1FF2BC90E0}.Release|Any CPU.ActiveCfg = Release|Any CPU
		{8C1609C8-A122-4151-A0EE-DD1FF2BC90E0}.Release|Any CPU.Build.0 = Release|Any CPU
	EndGlobalSection
	GlobalSection(SolutionProperties) = preSolution
		HideSolutionNode = FALSE
	EndGlobalSection
EndGlobal
